// !$*UTF8*$!
{
	archiveVersion = 1;
	classes = {
	};
	objectVersion = 55;
	objects = {

/* Begin PBXBuildFile section */
		4087632B28C3373A0038CAF4 /* AppDelegate.swift in Sources */ = {isa = PBXBuildFile; fileRef = 4087632A28C3373A0038CAF4 /* AppDelegate.swift */; };
		4087632D28C3373A0038CAF4 /* SceneDelegate.swift in Sources */ = {isa = PBXBuildFile; fileRef = 4087632C28C3373A0038CAF4 /* SceneDelegate.swift */; };
		4087632F28C3373A0038CAF4 /* ViewController.swift in Sources */ = {isa = PBXBuildFile; fileRef = 4087632E28C3373A0038CAF4 /* ViewController.swift */; };
		4087633228C3373A0038CAF4 /* Main.storyboard in Resources */ = {isa = PBXBuildFile; fileRef = 4087633028C3373A0038CAF4 /* Main.storyboard */; };
		4087633428C3373D0038CAF4 /* Assets.xcassets in Resources */ = {isa = PBXBuildFile; fileRef = 4087633328C3373D0038CAF4 /* Assets.xcassets */; };
		4087633728C3373D0038CAF4 /* LaunchScreen.storyboard in Resources */ = {isa = PBXBuildFile; fileRef = 4087633528C3373D0038CAF4 /* LaunchScreen.storyboard */; };
		4087633F28C337760038CAF4 /* LivingLife.mp3 in Resources */ = {isa = PBXBuildFile; fileRef = 4087633E28C337760038CAF4 /* LivingLife.mp3 */; };
		4087634128C3377C0038CAF4 /* Royalty.mp3 in Resources */ = {isa = PBXBuildFile; fileRef = 4087634028C3377C0038CAF4 /* Royalty.mp3 */; };
		4087634328C337820038CAF4 /* UnderControl.mp3 in Resources */ = {isa = PBXBuildFile; fileRef = 4087634228C337820038CAF4 /* UnderControl.mp3 */; };
		4087634C28C3489F0038CAF4 /* Colors.swift in Sources */ = {isa = PBXBuildFile; fileRef = 4087634B28C3489F0038CAF4 /* Colors.swift */; };
/* End PBXBuildFile section */

/* Begin PBXFileReference section */
		4087632728C3373A0038CAF4 /* Music Player.app */ = {isa = PBXFileReference; explicitFileType = wrapper.application; includeInIndex = 0; path = "Music Player.app"; sourceTree = BUILT_PRODUCTS_DIR; };
		4087632A28C3373A0038CAF4 /* AppDelegate.swift */ = {isa = PBXFileReference; lastKnownFileType = sourcecode.swift; path = AppDelegate.swift; sourceTree = "<group>"; };
		4087632C28C3373A0038CAF4 /* SceneDelegate.swift */ = {isa = PBXFileReference; lastKnownFileType = sourcecode.swift; path = SceneDelegate.swift; sourceTree = "<group>"; };
		4087632E28C3373A0038CAF4 /* ViewController.swift */ = {isa = PBXFileReference; lastKnownFileType = sourcecode.swift; path = ViewController.swift; sourceTree = "<group>"; };
		4087633128C3373A0038CAF4 /* Base */ = {isa = PBXFileReference; lastKnownFileType = file.storyboard; name = Base; path = Base.lproj/Main.storyboard; sourceTree = "<group>"; };
		4087633328C3373D0038CAF4 /* Assets.xcassets */ = {isa = PBXFileReference; lastKnownFileType = folder.assetcatalog; path = Assets.xcassets; sourceTree = "<group>"; };
		4087633628C3373D0038CAF4 /* Base */ = {isa = PBXFileReference; lastKnownFileType = file.storyboard; name = Base; path = Base.lproj/LaunchScreen.storyboard; sourceTree = "<group>"; };
		4087633828C3373D0038CAF4 /* Info.plist */ = {isa = PBXFileReference; lastKnownFileType = text.plist.xml; path = Info.plist; sourceTree = "<group>"; };
		4087633E28C337760038CAF4 /* LivingLife.mp3 */ = {isa = PBXFileReference; lastKnownFileType = audio.mp3; path = LivingLife.mp3; sourceTree = "<group>"; };
		4087634028C3377C0038CAF4 /* Royalty.mp3 */ = {isa = PBXFileReference; lastKnownFileType = audio.mp3; path = Royalty.mp3; sourceTree = "<group>"; };
		4087634228C337820038CAF4 /* UnderControl.mp3 */ = {isa = PBXFileReference; lastKnownFileType = audio.mp3; path = UnderControl.mp3; sourceTree = "<group>"; };
		4087634B28C3489F0038CAF4 /* Colors.swift */ = {isa = PBXFileReference; lastKnownFileType = sourcecode.swift; path = Colors.swift; sourceTree = "<group>"; };
/* End PBXFileReference section */

/* Begin PBXFrameworksBuildPhase section */
		4087632428C3373A0038CAF4 /* Frameworks */ = {
			isa = PBXFrameworksBuildPhase;
			buildActionMask = 2147483647;
			files = (
			);
			runOnlyForDeploymentPostprocessing = 0;
		};
/* End PBXFrameworksBuildPhase section */

/* Begin PBXGroup section */
		4087631E28C3373A0038CAF4 = {
			isa = PBXGroup;
			children = (
				4087632928C3373A0038CAF4 /* Music Player */,
				4087632828C3373A0038CAF4 /* Products */,
			);
			sourceTree = "<group>";
		};
		4087632828C3373A0038CAF4 /* Products */ = {
			isa = PBXGroup;
			children = (
				4087632728C3373A0038CAF4 /* Music Player.app */,
			);
			name = Products;
			sourceTree = "<group>";
		};
		4087632928C3373A0038CAF4 /* Music Player */ = {
			isa = PBXGroup;
			children = (
				4087633828C3373D0038CAF4 /* Info.plist */,
				4087634928C33DD40038CAF4 /* Application */,
				4087634728C33DB30038CAF4 /* Controllers */,
				4087634628C33DA10038CAF4 /* Views */,
				4087634428C33D850038CAF4 /* Models */,
			);
			path = "Music Player";
			sourceTree = "<group>";
		};
		4087634428C33D850038CAF4 /* Models */ = {
			isa = PBXGroup;
			children = (
				4087634A28C348930038CAF4 /* Additional */,
				4087634828C33DCA0038CAF4 /* Photos */,
				4087634528C33D8C0038CAF4 /* Songs */,
			);
			path = Models;
			sourceTree = "<group>";
		};
		4087634528C33D8C0038CAF4 /* Songs */ = {
			isa = PBXGroup;
			children = (
				4087634228C337820038CAF4 /* UnderControl.mp3 */,
				4087634028C3377C0038CAF4 /* Royalty.mp3 */,
				4087633E28C337760038CAF4 /* LivingLife.mp3 */,
			);
			path = Songs;
			sourceTree = "<group>";
		};
		4087634628C33DA10038CAF4 /* Views */ = {
			isa = PBXGroup;
			children = (
				4087633528C3373D0038CAF4 /* LaunchScreen.storyboard */,
				4087633028C3373A0038CAF4 /* Main.storyboard */,
			);
			path = Views;
			sourceTree = "<group>";
		};
		4087634728C33DB30038CAF4 /* Controllers */ = {
			isa = PBXGroup;
			children = (
				4087632E28C3373A0038CAF4 /* ViewController.swift */,
			);
			path = Controllers;
			sourceTree = "<group>";
		};
		4087634828C33DCA0038CAF4 /* Photos */ = {
			isa = PBXGroup;
			children = (
				4087633328C3373D0038CAF4 /* Assets.xcassets */,
			);
			path = Photos;
			sourceTree = "<group>";
		};
		4087634928C33DD40038CAF4 /* Application */ = {
			isa = PBXGroup;
			children = (
				4087632C28C3373A0038CAF4 /* SceneDelegate.swift */,
				4087632A28C3373A0038CAF4 /* AppDelegate.swift */,
			);
			path = Application;
			sourceTree = "<group>";
		};
		4087634A28C348930038CAF4 /* Additional */ = {
			isa = PBXGroup;
			children = (
				4087634B28C3489F0038CAF4 /* Colors.swift */,
			);
			path = Additional;
			sourceTree = "<group>";
		};
/* End PBXGroup section */

/* Begin PBXNativeTarget section */
		4087632628C3373A0038CAF4 /* Music Player */ = {
			isa = PBXNativeTarget;
			buildConfigurationList = 4087633B28C3373D0038CAF4 /* Build configuration list for PBXNativeTarget "Music Player" */;
			buildPhases = (
				4087632328C3373A0038CAF4 /* Sources */,
				4087632428C3373A0038CAF4 /* Frameworks */,
				4087632528C3373A0038CAF4 /* Resources */,
			);
			buildRules = (
			);
			dependencies = (
			);
			name = "Music Player";
			productName = "Music Player";
			productReference = 4087632728C3373A0038CAF4 /* Music Player.app */;
			productType = "com.apple.product-type.application";
		};
/* End PBXNativeTarget section */

/* Begin PBXProject section */
		4087631F28C3373A0038CAF4 /* Project object */ = {
			isa = PBXProject;
			attributes = {
				BuildIndependentTargetsInParallel = 1;
				LastSwiftUpdateCheck = 1340;
				LastUpgradeCheck = 1340;
				TargetAttributes = {
					4087632628C3373A0038CAF4 = {
						CreatedOnToolsVersion = 13.4.1;
					};
				};
			};
			buildConfigurationList = 4087632228C3373A0038CAF4 /* Build configuration list for PBXProject "Music Player" */;
			compatibilityVersion = "Xcode 13.0";
			developmentRegion = en;
			hasScannedForEncodings = 0;
			knownRegions = (
				en,
				Base,
			);
			mainGroup = 4087631E28C3373A0038CAF4;
			productRefGroup = 4087632828C3373A0038CAF4 /* Products */;
			projectDirPath = "";
			projectRoot = "";
			targets = (
				4087632628C3373A0038CAF4 /* Music Player */,
			);
		};
/* End PBXProject section */

/* Begin PBXResourcesBuildPhase section */
		4087632528C3373A0038CAF4 /* Resources */ = {
			isa = PBXResourcesBuildPhase;
			buildActionMask = 2147483647;
			files = (
				4087633728C3373D0038CAF4 /* LaunchScreen.storyboard in Resources */,
				4087633F28C337760038CAF4 /* LivingLife.mp3 in Resources */,
				4087633428C3373D0038CAF4 /* Assets.xcassets in Resources */,
				4087634328C337820038CAF4 /* UnderControl.mp3 in Resources */,
				4087634128C3377C0038CAF4 /* Royalty.mp3 in Resources */,
				4087633228C3373A0038CAF4 /* Main.storyboard in Resources */,
			);
			runOnlyForDeploymentPostprocessing = 0;
		};
/* End PBXResourcesBuildPhase section */

/* Begin PBXSourcesBuildPhase section */
		4087632328C3373A0038CAF4 /* Sources */ = {
			isa = PBXSourcesBuildPhase;
			buildActionMask = 2147483647;
			files = (
				4087632F28C3373A0038CAF4 /* ViewController.swift in Sources */,
				4087634C28C3489F0038CAF4 /* Colors.swift in Sources */,
				4087632B28C3373A0038CAF4 /* AppDelegate.swift in Sources */,
				4087632D28C3373A0038CAF4 /* SceneDelegate.swift in Sources */,
			);
			runOnlyForDeploymentPostprocessing = 0;
		};
/* End PBXSourcesBuildPhase section */

/* Begin PBXVariantGroup section */
		4087633028C3373A0038CAF4 /* Main.storyboard */ = {
			isa = PBXVariantGroup;
			children = (
				4087633128C3373A0038CAF4 /* Base */,
			);
			name = Main.storyboard;
			sourceTree = "<group>";
		};
		4087633528C3373D0038CAF4 /* LaunchScreen.storyboard */ = {
			isa = PBXVariantGroup;
			children = (
				4087633628C3373D0038CAF4 /* Base */,
			);
			name = LaunchScreen.storyboard;
			sourceTree = "<group>";
		};
/* End PBXVariantGroup section */

/* Begin XCBuildConfiguration section */
		4087633928C3373D0038CAF4 /* Debug */ = {
			isa = XCBuildConfiguration;
			buildSettings = {
				ALWAYS_SEARCH_USER_PATHS = NO;
				CLANG_ANALYZER_NONNULL = YES;
				CLANG_ANALYZER_NUMBER_OBJECT_CONVERSION = YES_AGGRESSIVE;
				CLANG_CXX_LANGUAGE_STANDARD = "gnu++17";
				CLANG_ENABLE_MODULES = YES;
				CLANG_ENABLE_OBJC_ARC = YES;
				CLANG_ENABLE_OBJC_WEAK = YES;
				CLANG_WARN_BLOCK_CAPTURE_AUTORELEASING = YES;
				CLANG_WARN_BOOL_CONVERSION = YES;
				CLANG_WARN_COMMA = YES;
				CLANG_WARN_CONSTANT_CONVERSION = YES;
				CLANG_WARN_DEPRECATED_OBJC_IMPLEMENTATIONS = YES;
				CLANG_WARN_DIRECT_OBJC_ISA_USAGE = YES_ERROR;
				CLANG_WARN_DOCUMENTATION_COMMENTS = YES;
				CLANG_WARN_EMPTY_BODY = YES;
				CLANG_WARN_ENUM_CONVERSION = YES;
				CLANG_WARN_INFINITE_RECURSION = YES;
				CLANG_WARN_INT_CONVERSION = YES;
				CLANG_WARN_NON_LITERAL_NULL_CONVERSION = YES;
				CLANG_WARN_OBJC_IMPLICIT_RETAIN_SELF = YES;
				CLANG_WARN_OBJC_LITERAL_CONVERSION = YES;
				CLANG_WARN_OBJC_ROOT_CLASS = YES_ERROR;
				CLANG_WARN_QUOTED_INCLUDE_IN_FRAMEWORK_HEADER = YES;
				CLANG_WARN_RANGE_LOOP_ANALYSIS = YES;
				CLANG_WARN_STRICT_PROTOTYPES = YES;
				CLANG_WARN_SUSPICIOUS_MOVE = YES;
				CLANG_WARN_UNGUARDED_AVAILABILITY = YES_AGGRESSIVE;
				CLANG_WARN_UNREACHABLE_CODE = YES;
				CLANG_WARN__DUPLICATE_METHOD_MATCH = YES;
				COPY_PHASE_STRIP = NO;
				DEBUG_INFORMATION_FORMAT = dwarf;
				ENABLE_STRICT_OBJC_MSGSEND = YES;
				ENABLE_TESTABILITY = YES;
				GCC_C_LANGUAGE_STANDARD = gnu11;
				GCC_DYNAMIC_NO_PIC = NO;
				GCC_NO_COMMON_BLOCKS = YES;
				GCC_OPTIMIZATION_LEVEL = 0;
				GCC_PREPROCESSOR_DEFINITIONS = (
					"DEBUG=1",
					"$(inherited)",
				);
				GCC_WARN_64_TO_32_BIT_CONVERSION = YES;
				GCC_WARN_ABOUT_RETURN_TYPE = YES_ERROR;
				GCC_WARN_UNDECLARED_SELECTOR = YES;
				GCC_WARN_UNINITIALIZED_AUTOS = YES_AGGRESSIVE;
				GCC_WARN_UNUSED_FUNCTION = YES;
				GCC_WARN_UNUSED_VARIABLE = YES;
				IPHONEOS_DEPLOYMENT_TARGET = 15.5;
				MTL_ENABLE_DEBUG_INFO = INCLUDE_SOURCE;
				MTL_FAST_MATH = YES;
				ONLY_ACTIVE_ARCH = YES;
				SDKROOT = iphoneos;
				SWIFT_ACTIVE_COMPILATION_CONDITIONS = DEBUG;
				SWIFT_OPTIMIZATION_LEVEL = "-Onone";
			};
			name = Debug;
		};
		4087633A28C3373D0038CAF4 /* Release */ = {
			isa = XCBuildConfiguration;
			buildSettings = {
				ALWAYS_SEARCH_USER_PATHS = NO;
				CLANG_ANALYZER_NONNULL = YES;
				CLANG_ANALYZER_NUMBER_OBJECT_CONVERSION = YES_AGGRESSIVE;
				CLANG_CXX_LANGUAGE_STANDARD = "gnu++17";
				CLANG_ENABLE_MODULES = YES;
				CLANG_ENABLE_OBJC_ARC = YES;
				CLANG_ENABLE_OBJC_WEAK = YES;
				CLANG_WARN_BLOCK_CAPTURE_AUTORELEASING = YES;
				CLANG_WARN_BOOL_CONVERSION = YES;
				CLANG_WARN_COMMA = YES;
				CLANG_WARN_CONSTANT_CONVERSION = YES;
				CLANG_WARN_DEPRECATED_OBJC_IMPLEMENTATIONS = YES;
				CLANG_WARN_DIRECT_OBJC_ISA_USAGE = YES_ERROR;
				CLANG_WARN_DOCUMENTATION_COMMENTS = YES;
				CLANG_WARN_EMPTY_BODY = YES;
				CLANG_WARN_ENUM_CONVERSION = YES;
				CLANG_WARN_INFINITE_RECURSION = YES;
				CLANG_WARN_INT_CONVERSION = YES;
				CLANG_WARN_NON_LITERAL_NULL_CONVERSION = YES;
				CLANG_WARN_OBJC_IMPLICIT_RETAIN_SELF = YES;
				CLANG_WARN_OBJC_LITERAL_CONVERSION = YES;
				CLANG_WARN_OBJC_ROOT_CLASS = YES_ERROR;
				CLANG_WARN_QUOTED_INCLUDE_IN_FRAMEWORK_HEADER = YES;
				CLANG_WARN_RANGE_LOOP_ANALYSIS = YES;
				CLANG_WARN_STRICT_PROTOTYPES = YES;
				CLANG_WARN_SUSPICIOUS_MOVE = YES;
				CLANG_WARN_UNGUARDED_AVAILABILITY = YES_AGGRESSIVE;
				CLANG_WARN_UNREACHABLE_CODE = YES;
				CLANG_WARN__DUPLICATE_METHOD_MATCH = YES;
				COPY_PHASE_STRIP = NO;
				DEBUG_INFORMATION_FORMAT = "dwarf-with-dsym";
				ENABLE_NS_ASSERTIONS = NO;
				ENABLE_STRICT_OBJC_MSGSEND = YES;
				GCC_C_LANGUAGE_STANDARD = gnu11;
				GCC_NO_COMMON_BLOCKS = YES;
				GCC_WARN_64_TO_32_BIT_CONVERSION = YES;
				GCC_WARN_ABOUT_RETURN_TYPE = YES_ERROR;
				GCC_WARN_UNDECLARED_SELECTOR = YES;
				GCC_WARN_UNINITIALIZED_AUTOS = YES_AGGRESSIVE;
				GCC_WARN_UNUSED_FUNCTION = YES;
				GCC_WARN_UNUSED_VARIABLE = YES;
				IPHONEOS_DEPLOYMENT_TARGET = 15.5;
				MTL_ENABLE_DEBUG_INFO = NO;
				MTL_FAST_MATH = YES;
				SDKROOT = iphoneos;
				SWIFT_COMPILATION_MODE = wholemodule;
				SWIFT_OPTIMIZATION_LEVEL = "-O";
				VALIDATE_PRODUCT = YES;
			};
			name = Release;
		};
		4087633C28C3373D0038CAF4 /* Debug */ = {
			isa = XCBuildConfiguration;
			buildSettings = {
				ASSETCATALOG_COMPILER_APPICON_NAME = AppIcon;
				ASSETCATALOG_COMPILER_GLOBAL_ACCENT_COLOR_NAME = AccentColor;
				CODE_SIGN_STYLE = Automatic;
				CURRENT_PROJECT_VERSION = 1;
				DEVELOPMENT_TEAM = Y97YKW5885;
				GENERATE_INFOPLIST_FILE = YES;
				INFOPLIST_FILE = "Music Player/Info.plist";
				INFOPLIST_KEY_UIApplicationSupportsIndirectInputEvents = YES;
				INFOPLIST_KEY_UILaunchStoryboardName = LaunchScreen;
				INFOPLIST_KEY_UIMainStoryboardFile = Main;
				INFOPLIST_KEY_UIRequiresFullScreen = NO;
				INFOPLIST_KEY_UISupportedInterfaceOrientations = "";
				INFOPLIST_KEY_UISupportedInterfaceOrientations_iPad = "UIInterfaceOrientationPortrait UIInterfaceOrientationPortraitUpsideDown UIInterfaceOrientationLandscapeLeft UIInterfaceOrientationLandscapeRight";
				INFOPLIST_KEY_UISupportedInterfaceOrientations_iPhone = "UIInterfaceOrientationPortrait UIInterfaceOrientationLandscapeLeft UIInterfaceOrientationLandscapeRight";
				LD_RUNPATH_SEARCH_PATHS = (
					"$(inherited)",
					"@executable_path/Frameworks",
				);
				MARKETING_VERSION = 1.0;
				PRODUCT_BUNDLE_IDENTIFIER = "SWIFT.Music-Player";
				PRODUCT_NAME = "$(TARGET_NAME)";
				SWIFT_EMIT_LOC_STRINGS = YES;
				SWIFT_VERSION = 5.0;
				TARGETED_DEVICE_FAMILY = 1;
			};
			name = Debug;
		};
		4087633D28C3373D0038CAF4 /* Release */ = {
			isa = XCBuildConfiguration;
			buildSettings = {
				ASSETCATALOG_COMPILER_APPICON_NAME = AppIcon;
				ASSETCATALOG_COMPILER_GLOBAL_ACCENT_COLOR_NAME = AccentColor;
				CODE_SIGN_STYLE = Automatic;
				CURRENT_PROJECT_VERSION = 1;
				DEVELOPMENT_TEAM = Y97YKW5885;
				GENERATE_INFOPLIST_FILE = YES;
				INFOPLIST_FILE = "Music Player/Info.plist";
				INFOPLIST_KEY_UIApplicationSupportsIndirectInputEvents = YES;
				INFOPLIST_KEY_UILaunchStoryboardName = LaunchScreen;
				INFOPLIST_KEY_UIMainStoryboardFile = Main;
				INFOPLIST_KEY_UIRequiresFullScreen = NO;
				INFOPLIST_KEY_UISupportedInterfaceOrientations = "";
				INFOPLIST_KEY_UISupportedInterfaceOrientations_iPad = "UIInterfaceOrientationPortrait UIInterfaceOrientationPortraitUpsideDown UIInterfaceOrientationLandscapeLeft UIInterfaceOrientationLandscapeRight";
				INFOPLIST_KEY_UISupportedInterfaceOrientations_iPhone = "UIInterfaceOrientationPortrait UIInterfaceOrientationLandscapeLeft UIInterfaceOrientationLandscapeRight";
				LD_RUNPATH_SEARCH_PATHS = (
					"$(inherited)",
					"@executable_path/Frameworks",
				);
				MARKETING_VERSION = 1.0;
				PRODUCT_BUNDLE_IDENTIFIER = "SWIFT.Music-Player";
				PRODUCT_NAME = "$(TARGET_NAME)";
				SWIFT_EMIT_LOC_STRINGS = YES;
				SWIFT_VERSION = 5.0;
				TARGETED_DEVICE_FAMILY = 1;
			};
			name = Release;
		};
/* End XCBuildConfiguration section */

/* Begin XCConfigurationList section */
		4087632228C3373A0038CAF4 /* Build configuration list for PBXProject "Music Player" */ = {
			isa = XCConfigurationList;
			buildConfigurations = (
				4087633928C3373D0038CAF4 /* Debug */,
				4087633A28C3373D0038CAF4 /* Release */,
			);
			defaultConfigurationIsVisible = 0;
			defaultConfigurationName = Release;
		};
		4087633B28C3373D0038CAF4 /* Build configuration list for PBXNativeTarget "Music Player" */ = {
			isa = XCConfigurationList;
			buildConfigurations = (
				4087633C28C3373D0038CAF4 /* Debug */,
				4087633D28C3373D0038CAF4 /* Release */,
			);
			defaultConfigurationIsVisible = 0;
			defaultConfigurationName = Release;
		};
/* End XCConfigurationList section */
	};
	rootObject = 4087631F28C3373A0038CAF4 /* Project object */;
}
